
Microsoft Visual Studio Solution File, Format Version 12.00
# Visual Studio 15
VisualStudioVersion = 15.0.27703.2042
MinimumVisualStudioVersion = 10.0.40219.1
Project("{FAE04EC0-301F-11D3-BF4B-00C04F79EFBC}") = "WebApplicationTest", "WebApplicationTest\WebApplicationTest.csproj", "{291C11C8-1A3C-485B-8969-39218DF0282B}"
EndProject
Project("{FAE04EC0-301F-11D3-BF4B-00C04F79EFBC}") = "WebApplicationTest.Tests", "WebApplicationTest.Tests\WebApplicationTest.Tests.csproj", "{BE0E6DDC-3D51-4CE3-BEDE-FF4987BD2FD2}"
EndProject
Global
	GlobalSection(SolutionConfigurationPlatforms) = preSolution
		Debug|Any CPU = Debug|Any CPU
		Release|Any CPU = Release|Any CPU
	EndGlobalSection
	GlobalSection(ProjectConfigurationPlatforms) = postSolution
		{291C11C8-1A3C-485B-8969-39218DF0282B}.Debug|Any CPU.ActiveCfg = Debug|Any CPU
		{291C11C8-1A3C-485B-8969-39218DF0282B}.Debug|Any CPU.Build.0 = Debug|Any CPU
		{291C11C8-1A3C-485B-8969-39218DF0282B}.Release|Any CPU.ActiveCfg = Release|Any CPU
		{291C11C8-1A3C-485B-8969-39218DF0282B}.Release|Any CPU.Build.0 = Release|Any CPU
		{BE0E6DDC-3D51-4CE3-BEDE-FF4987BD2FD2}.Debug|Any CPU.ActiveCfg = Debug|Any CPU
		{BE0E6DDC-3D51-4CE3-BEDE-FF4987BD2FD2}.Debug|Any CPU.Build.0 = Debug|Any CPU
		{BE0E6DDC-3D51-4CE3-BEDE-FF4987BD2FD2}.Release|Any CPU.ActiveCfg = Release|Any CPU
		{BE0E6DDC-3D51-4CE3-BEDE-FF4987BD2FD2}.Release|Any CPU.Build.0 = Release|Any CPU
	EndGlobalSection
	GlobalSection(SolutionProperties) = preSolution
		HideSolutionNode = FALSE
	EndGlobalSection
	GlobalSection(ExtensibilityGlobals) = postSolution
		SolutionGuid = {074B6C7B-6488-4831-8878-88C44F0AA588}
	EndGlobalSection
EndGlobal
